
Microsoft Visual Studio Solution File, Format Version 12.00
# Visual Studio Version 17
VisualStudioVersion = 17.9.34622.214
MinimumVisualStudioVersion = 10.0.40219.1
Project("{FAE04EC0-301F-11D3-BF4B-00C04F79EFBC}") = "dz_2012", "dz_2012\dz_2012.csproj", "{42DF7062-12F0-45F6-9D85-8341288DFC9A}"
EndProject
Global
	GlobalSection(SolutionConfigurationPlatforms) = preSolution
		Debug|Any CPU = Debug|Any CPU
		Release|Any CPU = Release|Any CPU
	EndGlobalSection
	GlobalSection(ProjectConfigurationPlatforms) = postSolution
		{42DF7062-12F0-45F6-9D85-8341288DFC9A}.Debug|Any CPU.ActiveCfg = Debug|Any CPU
		{42DF7062-12F0-45F6-9D85-8341288DFC9A}.Debug|Any CPU.Build.0 = Debug|Any CPU
		{42DF7062-12F0-45F6-9D85-8341288DFC9A}.Release|Any CPU.ActiveCfg = Release|Any CPU
		{42DF7062-12F0-45F6-9D85-8341288DFC9A}.Release|Any CPU.Build.0 = Release|Any CPU
	EndGlobalSection
	GlobalSection(SolutionProperties) = preSolution
		HideSolutionNode = FALSE
	EndGlobalSection
	GlobalSection(ExtensibilityGlobals) = postSolution
		SolutionGuid = {3F6F8DEF-6D65-461C-B777-1DB35ED13141}
	EndGlobalSection
EndGlobal
